
Microsoft Visual Studio Solution File, Format Version 12.00
# Visual Studio Version 17
VisualStudioVersion = 17.12.35527.113 d17.12
MinimumVisualStudioVersion = 10.0.40219.1
Project("{FAE04EC0-301F-11D3-BF4B-00C04F79EFBC}") = "01Delegates", "01Delegates\01Delegates.csproj", "{BAFDD633-6B4B-4E2E-B4DF-8A4186C257FB}"
EndProject
Project("{FAE04EC0-301F-11D3-BF4B-00C04F79EFBC}") = "02MulticastDelegate", "02MulticastDelegate\02MulticastDelegate.csproj", "{77BC1E4D-9FCF-4B67-8880-1825FE8F45BA}"
EndProject
Project("{FAE04EC0-301F-11D3-BF4B-00C04F79EFBC}") = "03MetodosAnonimos", "03MetodosAnonimos\03MetodosAnonimos.csproj", "{BE7EE39A-5119-4F25-9D57-D3F7BDA24BAA}"
EndProject
Project("{FAE04EC0-301F-11D3-BF4B-00C04F79EFBC}") = "04ExpressaoLambda", "04ExpressaoLambda\04ExpressaoLambda.csproj", "{5A2BA836-4C24-45F8-B43F-CD83929E1CB5}"
EndProject
Project("{FAE04EC0-301F-11D3-BF4B-00C04F79EFBC}") = "05DelegatePredicate", "05DelegatePredicate\05DelegatePredicate.csproj", "{44A250EF-8D2B-4067-8B11-7A898CE1FF66}"
EndProject
Project("{FAE04EC0-301F-11D3-BF4B-00C04F79EFBC}") = "06DelegateAction", "06DelegateAction\06DelegateAction.csproj", "{F306D656-D987-44D3-9ACF-1836EA5DAC91}"
EndProject
Project("{FAE04EC0-301F-11D3-BF4B-00C04F79EFBC}") = "07DelegateFunc", "07DelegateFunc\07DelegateFunc.csproj", "{212B84AE-58AF-455C-A002-F90CF6912BFD}"
EndProject
Project("{FAE04EC0-301F-11D3-BF4B-00C04F79EFBC}") = "08Exercicio", "08Exercicio\08Exercicio.csproj", "{E9D62DCE-D413-4C3C-A749-C6253948B098}"
EndProject
Global
	GlobalSection(SolutionConfigurationPlatforms) = preSolution
		Debug|Any CPU = Debug|Any CPU
		Release|Any CPU = Release|Any CPU
	EndGlobalSection
	GlobalSection(ProjectConfigurationPlatforms) = postSolution
		{BAFDD633-6B4B-4E2E-B4DF-8A4186C257FB}.Debug|Any CPU.ActiveCfg = Debug|Any CPU
		{BAFDD633-6B4B-4E2E-B4DF-8A4186C257FB}.Debug|Any CPU.Build.0 = Debug|Any CPU
		{BAFDD633-6B4B-4E2E-B4DF-8A4186C257FB}.Release|Any CPU.ActiveCfg = Release|Any CPU
		{BAFDD633-6B4B-4E2E-B4DF-8A4186C257FB}.Release|Any CPU.Build.0 = Release|Any CPU
		{77BC1E4D-9FCF-4B67-8880-1825FE8F45BA}.Debug|Any CPU.ActiveCfg = Debug|Any CPU
		{77BC1E4D-9FCF-4B67-8880-1825FE8F45BA}.Debug|Any CPU.Build.0 = Debug|Any CPU
		{77BC1E4D-9FCF-4B67-8880-1825FE8F45BA}.Release|Any CPU.ActiveCfg = Release|Any CPU
		{77BC1E4D-9FCF-4B67-8880-1825FE8F45BA}.Release|Any CPU.Build.0 = Release|Any CPU
		{BE7EE39A-5119-4F25-9D57-D3F7BDA24BAA}.Debug|Any CPU.ActiveCfg = Debug|Any CPU
		{BE7EE39A-5119-4F25-9D57-D3F7BDA24BAA}.Debug|Any CPU.Build.0 = Debug|Any CPU
		{BE7EE39A-5119-4F25-9D57-D3F7BDA24BAA}.Release|Any CPU.ActiveCfg = Release|Any CPU
		{BE7EE39A-5119-4F25-9D57-D3F7BDA24BAA}.Release|Any CPU.Build.0 = Release|Any CPU
		{5A2BA836-4C24-45F8-B43F-CD83929E1CB5}.Debug|Any CPU.ActiveCfg = Debug|Any CPU
		{5A2BA836-4C24-45F8-B43F-CD83929E1CB5}.Debug|Any CPU.Build.0 = Debug|Any CPU
		{5A2BA836-4C24-45F8-B43F-CD83929E1CB5}.Release|Any CPU.ActiveCfg = Release|Any CPU
		{5A2BA836-4C24-45F8-B43F-CD83929E1CB5}.Release|Any CPU.Build.0 = Release|Any CPU
		{44A250EF-8D2B-4067-8B11-7A898CE1FF66}.Debug|Any CPU.ActiveCfg = Debug|Any CPU
		{44A250EF-8D2B-4067-8B11-7A898CE1FF66}.Debug|Any CPU.Build.0 = Debug|Any CPU
		{44A250EF-8D2B-4067-8B11-7A898CE1FF66}.Release|Any CPU.ActiveCfg = Release|Any CPU
		{44A250EF-8D2B-4067-8B11-7A898CE1FF66}.Release|Any CPU.Build.0 = Release|Any CPU
		{F306D656-D987-44D3-9ACF-1836EA5DAC91}.Debug|Any CPU.ActiveCfg = Debug|Any CPU
		{F306D656-D987-44D3-9ACF-1836EA5DAC91}.Debug|Any CPU.Build.0 = Debug|Any CPU
		{F306D656-D987-44D3-9ACF-1836EA5DAC91}.Release|Any CPU.ActiveCfg = Release|Any CPU
		{F306D656-D987-44D3-9ACF-1836EA5DAC91}.Release|Any CPU.Build.0 = Release|Any CPU
		{212B84AE-58AF-455C-A002-F90CF6912BFD}.Debug|Any CPU.ActiveCfg = Debug|Any CPU
		{212B84AE-58AF-455C-A002-F90CF6912BFD}.Debug|Any CPU.Build.0 = Debug|Any CPU
		{212B84AE-58AF-455C-A002-F90CF6912BFD}.Release|Any CPU.ActiveCfg = Release|Any CPU
		{212B84AE-58AF-455C-A002-F90CF6912BFD}.Release|Any CPU.Build.0 = Release|Any CPU
		{E9D62DCE-D413-4C3C-A749-C6253948B098}.Debug|Any CPU.ActiveCfg = Debug|Any CPU
		{E9D62DCE-D413-4C3C-A749-C6253948B098}.Debug|Any CPU.Build.0 = Debug|Any CPU
		{E9D62DCE-D413-4C3C-A749-C6253948B098}.Release|Any CPU.ActiveCfg = Release|Any CPU
		{E9D62DCE-D413-4C3C-A749-C6253948B098}.Release|Any CPU.Build.0 = Release|Any CPU
	EndGlobalSection
	GlobalSection(SolutionProperties) = preSolution
		HideSolutionNode = FALSE
	EndGlobalSection
EndGlobal
